{
  "name": "proyecto-mini-smart-home",
  "type": "module",
  "lockfileVersion": 2,
  "requires": true,
  "packages": {
    "": {
      "dependencies": {
        "port": "^0.8.1",
        "serial": "^0.0.9"
      }
    },
    "node_modules/port": {
      "version": "0.8.1",
      "resolved": "https://registry.npmjs.org/port/-/port-0.8.1.tgz",
      "integrity": "sha512-PlmFeMxN/SD9LJ4enMg7hFTJuj2fpy+ZWndlts+XfNB6K207/yPhOXYrav/q2oLb5ZTiXnTRnnfuvvH+AVJFDg=="
    },
    "node_modules/serial": {
      "version": "0.0.9",
      "resolved": "https://registry.npmjs.org/serial/-/serial-0.0.9.tgz",
      "integrity": "sha512-VdFZU3cp9NPCQrwbmqXhMZnDetsmVKK/YBF2i+sq+iU96p3+qm0GZypB91/Gmp12Pe1DjVd7ObsVj22qWNk58w=="
    }
  },
  "dependencies": {
    "port": {
      "version": "0.8.1",
      "resolved": "https://registry.npmjs.org/port/-/port-0.8.1.tgz",
      "integrity": "sha512-PlmFeMxN/SD9LJ4enMg7hFTJuj2fpy+ZWndlts+XfNB6K207/yPhOXYrav/q2oLb5ZTiXnTRnnfuvvH+AVJFDg=="
    },
    "serial": {
      "version": "0.0.9",
      "resolved": "https://registry.npmjs.org/serial/-/serial-0.0.9.tgz",
      "integrity": "sha512-VdFZU3cp9NPCQrwbmqXhMZnDetsmVKK/YBF2i+sq+iU96p3+qm0GZypB91/Gmp12Pe1DjVd7ObsVj22qWNk58w=="
    }
  }
}
